
Microsoft Visual Studio Solution File, Format Version 12.00
# Visual Studio 15
VisualStudioVersion = 15.0.26228.4
MinimumVisualStudioVersion = 10.0.40219.1
Project("{FAE04EC0-301F-11D3-BF4B-00C04F79EFBC}") = "AAMP2XML", "AAMP2XML\AAMP2XML.csproj", "{E0F9C490-DF08-488E-B342-23935E5EBA9B}"
EndProject
Global
	GlobalSection(SolutionConfigurationPlatforms) = preSolution
		Debug|Any CPU = Debug|Any CPU
		Release|Any CPU = Release|Any CPU
	EndGlobalSection
	GlobalSection(ProjectConfigurationPlatforms) = postSolution
		{E0F9C490-DF08-488E-B342-23935E5EBA9B}.Debug|Any CPU.ActiveCfg = Debug|Any CPU
		{E0F9C490-DF08-488E-B342-23935E5EBA9B}.Debug|Any CPU.Build.0 = Debug|Any CPU
		{E0F9C490-DF08-488E-B342-23935E5EBA9B}.Release|Any CPU.ActiveCfg = Release|Any CPU
		{E0F9C490-DF08-488E-B342-23935E5EBA9B}.Release|Any CPU.Build.0 = Release|Any CPU
	EndGlobalSection
	GlobalSection(SolutionProperties) = preSolution
		HideSolutionNode = FALSE
	EndGlobalSection
EndGlobal
